
Microsoft Visual Studio Solution File, Format Version 12.00
# Visual Studio Version 17
VisualStudioVersion = 17.1.32210.238
MinimumVisualStudioVersion = 10.0.40219.1
Project("{FAE04EC0-301F-11D3-BF4B-00C04F79EFBC}") = "triangulo-lp", "triangulo-lp\triangulo-lp.csproj", "{988296C7-D24A-4496-BA50-1E9CD19401A3}"
EndProject
Global
	GlobalSection(SolutionConfigurationPlatforms) = preSolution
		Debug|Any CPU = Debug|Any CPU
		Release|Any CPU = Release|Any CPU
	EndGlobalSection
	GlobalSection(ProjectConfigurationPlatforms) = postSolution
		{988296C7-D24A-4496-BA50-1E9CD19401A3}.Debug|Any CPU.ActiveCfg = Debug|Any CPU
		{988296C7-D24A-4496-BA50-1E9CD19401A3}.Debug|Any CPU.Build.0 = Debug|Any CPU
		{988296C7-D24A-4496-BA50-1E9CD19401A3}.Release|Any CPU.ActiveCfg = Release|Any CPU
		{988296C7-D24A-4496-BA50-1E9CD19401A3}.Release|Any CPU.Build.0 = Release|Any CPU
	EndGlobalSection
	GlobalSection(SolutionProperties) = preSolution
		HideSolutionNode = FALSE
	EndGlobalSection
	GlobalSection(ExtensibilityGlobals) = postSolution
		SolutionGuid = {EC5C5BB0-4FC3-433A-9992-C3D476E55770}
	EndGlobalSection
EndGlobal
